// !$*UTF8*$!
{
	archiveVersion = 1;
	classes = {
	};
	objectVersion = 46;
	objects = {

/* Begin PBXBuildFile section */
		2E22A0ACB703AECBF87113BE /* Pods_Arrive.framework in Frameworks */ = {isa = PBXBuildFile; fileRef = 7BCE6B754089313D131E48A0 /* Pods_Arrive.framework */; };
		321D4D281CA94F1500C20945 /* FlightTableViewCell.swift in Sources */ = {isa = PBXBuildFile; fileRef = 321D4D271CA94F1500C20945 /* FlightTableViewCell.swift */; };
		325765A61CA4B8D1003DE35C /* Constants.swift in Sources */ = {isa = PBXBuildFile; fileRef = 325765A51CA4B8D1003DE35C /* Constants.swift */; };
		325765A81CA4BBAD003DE35C /* CoreManager.swift in Sources */ = {isa = PBXBuildFile; fileRef = 325765A71CA4BBAD003DE35C /* CoreManager.swift */; };
		325765AB1CA4BFA2003DE35C /* Arrive.xcdatamodeld in Sources */ = {isa = PBXBuildFile; fileRef = 325765A91CA4BFA2003DE35C /* Arrive.xcdatamodeld */; };
		325765B01CA4D16C003DE35C /* Flight.swift in Sources */ = {isa = PBXBuildFile; fileRef = 325765AE1CA4D16C003DE35C /* Flight.swift */; };
		32755CE01CA65C7600D2B8BF /* RemoteManager.swift in Sources */ = {isa = PBXBuildFile; fileRef = 32755CDF1CA65C7600D2B8BF /* RemoteManager.swift */; };
		32755CE61CA68AC400D2B8BF /* Airline+CoreDataProperties.swift in Sources */ = {isa = PBXBuildFile; fileRef = 32755CE11CA68AC400D2B8BF /* Airline+CoreDataProperties.swift */; };
		32755CE71CA68AC400D2B8BF /* Airline.swift in Sources */ = {isa = PBXBuildFile; fileRef = 32755CE21CA68AC400D2B8BF /* Airline.swift */; };
		32755CEA1CA68AC400D2B8BF /* Airport.swift in Sources */ = {isa = PBXBuildFile; fileRef = 32755CE51CA68AC400D2B8BF /* Airport.swift */; };
		32755CEC1CA68AFA00D2B8BF /* Flight+CoreDataProperties.swift in Sources */ = {isa = PBXBuildFile; fileRef = 32755CEB1CA68AFA00D2B8BF /* Flight+CoreDataProperties.swift */; };
		32755CF11CA6A50E00D2B8BF /* Airport+CoreDataProperties.swift in Sources */ = {isa = PBXBuildFile; fileRef = 32755CF01CA6A50E00D2B8BF /* Airport+CoreDataProperties.swift */; };
		328DF2721CA9411300C627A9 /* FlightSearchViewController.swift in Sources */ = {isa = PBXBuildFile; fileRef = 328DF2711CA9411300C627A9 /* FlightSearchViewController.swift */; };
		328DF2751CA9443900C627A9 /* NavigationBar.swift in Sources */ = {isa = PBXBuildFile; fileRef = 328DF2741CA9443900C627A9 /* NavigationBar.swift */; };
		329EC9E51CA8E03D00A455C0 /* AirportTableViewCell.swift in Sources */ = {isa = PBXBuildFile; fileRef = 329EC9E41CA8E03D00A455C0 /* AirportTableViewCell.swift */; };
		329EC9E81CA8E41E00A455C0 /* UIColorExtension.swift in Sources */ = {isa = PBXBuildFile; fileRef = 329EC9E71CA8E41E00A455C0 /* UIColorExtension.swift */; };
		329EC9EA1CA918D200A455C0 /* UIFontExtension.swift in Sources */ = {isa = PBXBuildFile; fileRef = 329EC9E91CA918D200A455C0 /* UIFontExtension.swift */; };
		32C49ECD1CA49C6B00FDD0FF /* AppDelegate.swift in Sources */ = {isa = PBXBuildFile; fileRef = 32C49ECC1CA49C6B00FDD0FF /* AppDelegate.swift */; };
		32C49ECF1CA49C6B00FDD0FF /* AirportSearchViewController.swift in Sources */ = {isa = PBXBuildFile; fileRef = 32C49ECE1CA49C6B00FDD0FF /* AirportSearchViewController.swift */; };
		32C49ED41CA49C6B00FDD0FF /* Assets.xcassets in Resources */ = {isa = PBXBuildFile; fileRef = 32C49ED31CA49C6B00FDD0FF /* Assets.xcassets */; };
		32C49ED71CA49C6B00FDD0FF /* LaunchScreen.storyboard in Resources */ = {isa = PBXBuildFile; fileRef = 32C49ED51CA49C6B00FDD0FF /* LaunchScreen.storyboard */; };
/* End PBXBuildFile section */

/* Begin PBXFileReference section */
		3183F281E9D7A5B59252A3C9 /* Pods-Arrive.debug.xcconfig */ = {isa = PBXFileReference; includeInIndex = 1; lastKnownFileType = text.xcconfig; name = "Pods-Arrive.debug.xcconfig"; path = "Pods/Target Support Files/Pods-Arrive/Pods-Arrive.debug.xcconfig"; sourceTree = "<group>"; };
		321D4D271CA94F1500C20945 /* FlightTableViewCell.swift */ = {isa = PBXFileReference; fileEncoding = 4; lastKnownFileType = sourcecode.swift; path = FlightTableViewCell.swift; sourceTree = "<group>"; };
		325765A51CA4B8D1003DE35C /* Constants.swift */ = {isa = PBXFileReference; fileEncoding = 4; lastKnownFileType = sourcecode.swift; path = Constants.swift; sourceTree = "<group>"; };
		325765A71CA4BBAD003DE35C /* CoreManager.swift */ = {isa = PBXFileReference; fileEncoding = 4; lastKnownFileType = sourcecode.swift; path = CoreManager.swift; sourceTree = "<group>"; };
		325765AA1CA4BFA2003DE35C /* Arrive.xcdatamodel */ = {isa = PBXFileReference; lastKnownFileType = wrapper.xcdatamodel; path = Arrive.xcdatamodel; sourceTree = "<group>"; };
		325765AE1CA4D16C003DE35C /* Flight.swift */ = {isa = PBXFileReference; fileEncoding = 4; lastKnownFileType = sourcecode.swift; path = Flight.swift; sourceTree = "<group>"; };
		32755CDF1CA65C7600D2B8BF /* RemoteManager.swift */ = {isa = PBXFileReference; fileEncoding = 4; lastKnownFileType = sourcecode.swift; path = RemoteManager.swift; sourceTree = "<group>"; };
		32755CE11CA68AC400D2B8BF /* Airline+CoreDataProperties.swift */ = {isa = PBXFileReference; fileEncoding = 4; lastKnownFileType = sourcecode.swift; path = "Airline+CoreDataProperties.swift"; sourceTree = "<group>"; };
		32755CE21CA68AC400D2B8BF /* Airline.swift */ = {isa = PBXFileReference; fileEncoding = 4; lastKnownFileType = sourcecode.swift; path = Airline.swift; sourceTree = "<group>"; };
		32755CE51CA68AC400D2B8BF /* Airport.swift */ = {isa = PBXFileReference; fileEncoding = 4; lastKnownFileType = sourcecode.swift; path = Airport.swift; sourceTree = "<group>"; };
		32755CEB1CA68AFA00D2B8BF /* Flight+CoreDataProperties.swift */ = {isa = PBXFileReference; fileEncoding = 4; lastKnownFileType = sourcecode.swift; path = "Flight+CoreDataProperties.swift"; sourceTree = "<group>"; };
		32755CF01CA6A50E00D2B8BF /* Airport+CoreDataProperties.swift */ = {isa = PBXFileReference; fileEncoding = 4; lastKnownFileType = sourcecode.swift; path = "Airport+CoreDataProperties.swift"; sourceTree = "<group>"; };
		328DF2711CA9411300C627A9 /* FlightSearchViewController.swift */ = {isa = PBXFileReference; fileEncoding = 4; lastKnownFileType = sourcecode.swift; path = FlightSearchViewController.swift; sourceTree = "<group>"; };
		328DF2741CA9443900C627A9 /* NavigationBar.swift */ = {isa = PBXFileReference; fileEncoding = 4; lastKnownFileType = sourcecode.swift; path = NavigationBar.swift; sourceTree = "<group>"; };
		329EC9E41CA8E03D00A455C0 /* AirportTableViewCell.swift */ = {isa = PBXFileReference; fileEncoding = 4; lastKnownFileType = sourcecode.swift; path = AirportTableViewCell.swift; sourceTree = "<group>"; };
		329EC9E71CA8E41E00A455C0 /* UIColorExtension.swift */ = {isa = PBXFileReference; fileEncoding = 4; lastKnownFileType = sourcecode.swift; path = UIColorExtension.swift; sourceTree = "<group>"; };
		329EC9E91CA918D200A455C0 /* UIFontExtension.swift */ = {isa = PBXFileReference; fileEncoding = 4; lastKnownFileType = sourcecode.swift; path = UIFontExtension.swift; sourceTree = "<group>"; };
		32C49EC91CA49C6B00FDD0FF /* Arrive.app */ = {isa = PBXFileReference; explicitFileType = wrapper.application; includeInIndex = 0; path = Arrive.app; sourceTree = BUILT_PRODUCTS_DIR; };
		32C49ECC1CA49C6B00FDD0FF /* AppDelegate.swift */ = {isa = PBXFileReference; lastKnownFileType = sourcecode.swift; path = AppDelegate.swift; sourceTree = "<group>"; };
		32C49ECE1CA49C6B00FDD0FF /* AirportSearchViewController.swift */ = {isa = PBXFileReference; lastKnownFileType = sourcecode.swift; path = AirportSearchViewController.swift; sourceTree = "<group>"; };
		32C49ED31CA49C6B00FDD0FF /* Assets.xcassets */ = {isa = PBXFileReference; lastKnownFileType = folder.assetcatalog; path = Assets.xcassets; sourceTree = "<group>"; };
		32C49ED61CA49C6B00FDD0FF /* Base */ = {isa = PBXFileReference; lastKnownFileType = file.storyboard; name = Base; path = Base.lproj/LaunchScreen.storyboard; sourceTree = "<group>"; };
		32C49ED81CA49C6B00FDD0FF /* Info.plist */ = {isa = PBXFileReference; lastKnownFileType = text.plist.xml; path = Info.plist; sourceTree = "<group>"; };
		7BCE6B754089313D131E48A0 /* Pods_Arrive.framework */ = {isa = PBXFileReference; explicitFileType = wrapper.framework; includeInIndex = 0; path = Pods_Arrive.framework; sourceTree = BUILT_PRODUCTS_DIR; };
		CCB4E40A88CFF032A89587F1 /* Pods-Arrive.release.xcconfig */ = {isa = PBXFileReference; includeInIndex = 1; lastKnownFileType = text.xcconfig; name = "Pods-Arrive.release.xcconfig"; path = "Pods/Target Support Files/Pods-Arrive/Pods-Arrive.release.xcconfig"; sourceTree = "<group>"; };
/* End PBXFileReference section */

/* Begin PBXFrameworksBuildPhase section */
		32C49EC61CA49C6B00FDD0FF /* Frameworks */ = {
			isa = PBXFrameworksBuildPhase;
			buildActionMask = 2147483647;
			files = (
				2E22A0ACB703AECBF87113BE /* Pods_Arrive.framework in Frameworks */,
			);
			runOnlyForDeploymentPostprocessing = 0;
		};
/* End PBXFrameworksBuildPhase section */

/* Begin PBXGroup section */
		12FECD8257F62F7BC1553832 /* Frameworks */ = {
			isa = PBXGroup;
			children = (
				7BCE6B754089313D131E48A0 /* Pods_Arrive.framework */,
			);
			name = Frameworks;
			sourceTree = "<group>";
		};
		325765AC1CA4BFAB003DE35C /* Model */ = {
			isa = PBXGroup;
			children = (
				325765A91CA4BFA2003DE35C /* Arrive.xcdatamodeld */,
				325765A71CA4BBAD003DE35C /* CoreManager.swift */,
				32755CDF1CA65C7600D2B8BF /* RemoteManager.swift */,
				32755CED1CA68B1300D2B8BF /* Entities */,
			);
			name = Model;
			sourceTree = "<group>";
		};
		32755CED1CA68B1300D2B8BF /* Entities */ = {
			isa = PBXGroup;
			children = (
				32755CE21CA68AC400D2B8BF /* Airline.swift */,
				32755CE11CA68AC400D2B8BF /* Airline+CoreDataProperties.swift */,
				32755CE51CA68AC400D2B8BF /* Airport.swift */,
				32755CF01CA6A50E00D2B8BF /* Airport+CoreDataProperties.swift */,
				325765AE1CA4D16C003DE35C /* Flight.swift */,
				32755CEB1CA68AFA00D2B8BF /* Flight+CoreDataProperties.swift */,
			);
			name = Entities;
			sourceTree = "<group>";
		};
		328DF2731CA9412600C627A9 /* Flight Selection */ = {
			isa = PBXGroup;
			children = (
				328DF2711CA9411300C627A9 /* FlightSearchViewController.swift */,
				321D4D271CA94F1500C20945 /* FlightTableViewCell.swift */,
			);
			name = "Flight Selection";
			sourceTree = "<group>";
		};
		329EC9E31CA8E01E00A455C0 /* Airport Search */ = {
			isa = PBXGroup;
			children = (
				32C49ECE1CA49C6B00FDD0FF /* AirportSearchViewController.swift */,
				329EC9E41CA8E03D00A455C0 /* AirportTableViewCell.swift */,
			);
			name = "Airport Search";
			sourceTree = "<group>";
		};
		329EC9E61CA8E3F400A455C0 /* Resources */ = {
			isa = PBXGroup;
			children = (
				325765A51CA4B8D1003DE35C /* Constants.swift */,
				32C49ED31CA49C6B00FDD0FF /* Assets.xcassets */,
				32C49ED51CA49C6B00FDD0FF /* LaunchScreen.storyboard */,
				32C49ED81CA49C6B00FDD0FF /* Info.plist */,
				329EC9E71CA8E41E00A455C0 /* UIColorExtension.swift */,
				329EC9E91CA918D200A455C0 /* UIFontExtension.swift */,
			);
			name = Resources;
			sourceTree = "<group>";
		};
		32C49EC01CA49C6B00FDD0FF = {
			isa = PBXGroup;
			children = (
				32C49ECB1CA49C6B00FDD0FF /* Arrive */,
				32C49ECA1CA49C6B00FDD0FF /* Products */,
				375F9F98909B5A5DFA356160 /* Pods */,
				12FECD8257F62F7BC1553832 /* Frameworks */,
			);
			sourceTree = "<group>";
		};
		32C49ECA1CA49C6B00FDD0FF /* Products */ = {
			isa = PBXGroup;
			children = (
				32C49EC91CA49C6B00FDD0FF /* Arrive.app */,
			);
			name = Products;
			sourceTree = "<group>";
		};
		32C49ECB1CA49C6B00FDD0FF /* Arrive */ = {
			isa = PBXGroup;
			children = (
				32C49ECC1CA49C6B00FDD0FF /* AppDelegate.swift */,
				328DF2741CA9443900C627A9 /* NavigationBar.swift */,
				325765AC1CA4BFAB003DE35C /* Model */,
				329EC9E31CA8E01E00A455C0 /* Airport Search */,
				328DF2731CA9412600C627A9 /* Flight Selection */,
				329EC9E61CA8E3F400A455C0 /* Resources */,
			);
			path = Arrive;
			sourceTree = "<group>";
		};
		375F9F98909B5A5DFA356160 /* Pods */ = {
			isa = PBXGroup;
			children = (
				3183F281E9D7A5B59252A3C9 /* Pods-Arrive.debug.xcconfig */,
				CCB4E40A88CFF032A89587F1 /* Pods-Arrive.release.xcconfig */,
			);
			name = Pods;
			sourceTree = "<group>";
		};
/* End PBXGroup section */

/* Begin PBXNativeTarget section */
		32C49EC81CA49C6B00FDD0FF /* Arrive */ = {
			isa = PBXNativeTarget;
			buildConfigurationList = 32C49EDB1CA49C6B00FDD0FF /* Build configuration list for PBXNativeTarget "Arrive" */;
			buildPhases = (
				9B763521DCDA3441DA5A2488 /* Check Pods Manifest.lock */,
				32C49EC51CA49C6B00FDD0FF /* Sources */,
				32C49EC61CA49C6B00FDD0FF /* Frameworks */,
				32C49EC71CA49C6B00FDD0FF /* Resources */,
				FF3401F495FF23F60B640567 /* Embed Pods Frameworks */,
				5848A9D0C629B3B0DD59F22F /* Copy Pods Resources */,
			);
			buildRules = (
			);
			dependencies = (
			);
			name = Arrive;
			productName = Arrive;
			productReference = 32C49EC91CA49C6B00FDD0FF /* Arrive.app */;
			productType = "com.apple.product-type.application";
		};
/* End PBXNativeTarget section */

/* Begin PBXProject section */
		32C49EC11CA49C6B00FDD0FF /* Project object */ = {
			isa = PBXProject;
			attributes = {
				LastSwiftUpdateCheck = 0730;
				LastUpgradeCheck = 0730;
				ORGANIZATIONNAME = Skurt;
				TargetAttributes = {
					32C49EC81CA49C6B00FDD0FF = {
						CreatedOnToolsVersion = 7.3;
					};
				};
			};
			buildConfigurationList = 32C49EC41CA49C6B00FDD0FF /* Build configuration list for PBXProject "Arrive" */;
			compatibilityVersion = "Xcode 3.2";
			developmentRegion = English;
			hasScannedForEncodings = 0;
			knownRegions = (
				en,
				Base,
			);
			mainGroup = 32C49EC01CA49C6B00FDD0FF;
			productRefGroup = 32C49ECA1CA49C6B00FDD0FF /* Products */;
			projectDirPath = "";
			projectRoot = "";
			targets = (
				32C49EC81CA49C6B00FDD0FF /* Arrive */,
			);
		};
/* End PBXProject section */

/* Begin PBXResourcesBuildPhase section */
		32C49EC71CA49C6B00FDD0FF /* Resources */ = {
			isa = PBXResourcesBuildPhase;
			buildActionMask = 2147483647;
			files = (
				32C49ED71CA49C6B00FDD0FF /* LaunchScreen.storyboard in Resources */,
				32C49ED41CA49C6B00FDD0FF /* Assets.xcassets in Resources */,
			);
			runOnlyForDeploymentPostprocessing = 0;
		};
/* End PBXResourcesBuildPhase section */

/* Begin PBXShellScriptBuildPhase section */
		5848A9D0C629B3B0DD59F22F /* Copy Pods Resources */ = {
			isa = PBXShellScriptBuildPhase;
			buildActionMask = 2147483647;
			files = (
			);
			inputPaths = (
			);
			name = "Copy Pods Resources";
			outputPaths = (
			);
			runOnlyForDeploymentPostprocessing = 0;
			shellPath = /bin/sh;
			shellScript = "\"${SRCROOT}/Pods/Target Support Files/Pods-Arrive/Pods-Arrive-resources.sh\"\n";
			showEnvVarsInLog = 0;
		};
		9B763521DCDA3441DA5A2488 /* Check Pods Manifest.lock */ = {
			isa = PBXShellScriptBuildPhase;
			buildActionMask = 2147483647;
			files = (
			);
			inputPaths = (
			);
			name = "Check Pods Manifest.lock";
			outputPaths = (
			);
			runOnlyForDeploymentPostprocessing = 0;
			shellPath = /bin/sh;
			shellScript = "diff \"${PODS_ROOT}/../Podfile.lock\" \"${PODS_ROOT}/Manifest.lock\" > /dev/null\nif [[ $? != 0 ]] ; then\n    cat << EOM\nerror: The sandbox is not in sync with the Podfile.lock. Run 'pod install' or update your CocoaPods installation.\nEOM\n    exit 1\nfi\n";
			showEnvVarsInLog = 0;
		};
		FF3401F495FF23F60B640567 /* Embed Pods Frameworks */ = {
			isa = PBXShellScriptBuildPhase;
			buildActionMask = 2147483647;
			files = (
			);
			inputPaths = (
			);
			name = "Embed Pods Frameworks";
			outputPaths = (
			);
			runOnlyForDeploymentPostprocessing = 0;
			shellPath = /bin/sh;
			shellScript = "\"${SRCROOT}/Pods/Target Support Files/Pods-Arrive/Pods-Arrive-frameworks.sh\"\n";
			showEnvVarsInLog = 0;
		};
/* End PBXShellScriptBuildPhase section */

/* Begin PBXSourcesBuildPhase section */
		32C49EC51CA49C6B00FDD0FF /* Sources */ = {
			isa = PBXSourcesBuildPhase;
			buildActionMask = 2147483647;
			files = (
				328DF2751CA9443900C627A9 /* NavigationBar.swift in Sources */,
				325765AB1CA4BFA2003DE35C /* Arrive.xcdatamodeld in Sources */,
				329EC9EA1CA918D200A455C0 /* UIFontExtension.swift in Sources */,
				329EC9E81CA8E41E00A455C0 /* UIColorExtension.swift in Sources */,
				32755CEA1CA68AC400D2B8BF /* Airport.swift in Sources */,
				32C49ECD1CA49C6B00FDD0FF /* AppDelegate.swift in Sources */,
				32755CF11CA6A50E00D2B8BF /* Airport+CoreDataProperties.swift in Sources */,
				325765A61CA4B8D1003DE35C /* Constants.swift in Sources */,
				329EC9E51CA8E03D00A455C0 /* AirportTableViewCell.swift in Sources */,
				325765A81CA4BBAD003DE35C /* CoreManager.swift in Sources */,
				32755CE01CA65C7600D2B8BF /* RemoteManager.swift in Sources */,
				32C49ECF1CA49C6B00FDD0FF /* AirportSearchViewController.swift in Sources */,
				325765B01CA4D16C003DE35C /* Flight.swift in Sources */,
				321D4D281CA94F1500C20945 /* FlightTableViewCell.swift in Sources */,
				328DF2721CA9411300C627A9 /* FlightSearchViewController.swift in Sources */,
				32755CEC1CA68AFA00D2B8BF /* Flight+CoreDataProperties.swift in Sources */,
				32755CE71CA68AC400D2B8BF /* Airline.swift in Sources */,
				32755CE61CA68AC400D2B8BF /* Airline+CoreDataProperties.swift in Sources */,
			);
			runOnlyForDeploymentPostprocessing = 0;
		};
/* End PBXSourcesBuildPhase section */

/* Begin PBXVariantGroup section */
		32C49ED51CA49C6B00FDD0FF /* LaunchScreen.storyboard */ = {
			isa = PBXVariantGroup;
			children = (
				32C49ED61CA49C6B00FDD0FF /* Base */,
			);
			name = LaunchScreen.storyboard;
			sourceTree = "<group>";
		};
/* End PBXVariantGroup section */

/* Begin XCBuildConfiguration section */
		32C49ED91CA49C6B00FDD0FF /* Debug */ = {
			isa = XCBuildConfiguration;
			buildSettings = {
				ALWAYS_SEARCH_USER_PATHS = NO;
				CLANG_ANALYZER_NONNULL = YES;
				CLANG_CXX_LANGUAGE_STANDARD = "gnu++0x";
				CLANG_CXX_LIBRARY = "libc++";
				CLANG_ENABLE_MODULES = YES;
				CLANG_ENABLE_OBJC_ARC = YES;
				CLANG_WARN_BOOL_CONVERSION = YES;
				CLANG_WARN_CONSTANT_CONVERSION = YES;
				CLANG_WARN_DIRECT_OBJC_ISA_USAGE = YES_ERROR;
				CLANG_WARN_EMPTY_BODY = YES;
				CLANG_WARN_ENUM_CONVERSION = YES;
				CLANG_WARN_INT_CONVERSION = YES;
				CLANG_WARN_OBJC_ROOT_CLASS = YES_ERROR;
				CLANG_WARN_UNREACHABLE_CODE = YES;
				CLANG_WARN__DUPLICATE_METHOD_MATCH = YES;
				"CODE_SIGN_IDENTITY[sdk=iphoneos*]" = "iPhone Developer";
				COPY_PHASE_STRIP = NO;
				DEBUG_INFORMATION_FORMAT = dwarf;
				ENABLE_STRICT_OBJC_MSGSEND = YES;
				ENABLE_TESTABILITY = YES;
				GCC_C_LANGUAGE_STANDARD = gnu99;
				GCC_DYNAMIC_NO_PIC = NO;
				GCC_NO_COMMON_BLOCKS = YES;
				GCC_OPTIMIZATION_LEVEL = 0;
				GCC_PREPROCESSOR_DEFINITIONS = (
					"DEBUG=1",
					"$(inherited)",
				);
				GCC_WARN_64_TO_32_BIT_CONVERSION = YES;
				GCC_WARN_ABOUT_RETURN_TYPE = YES_ERROR;
				GCC_WARN_UNDECLARED_SELECTOR = YES;
				GCC_WARN_UNINITIALIZED_AUTOS = YES_AGGRESSIVE;
				GCC_WARN_UNUSED_FUNCTION = YES;
				GCC_WARN_UNUSED_VARIABLE = YES;
				IPHONEOS_DEPLOYMENT_TARGET = 9.3;
				MTL_ENABLE_DEBUG_INFO = YES;
				ONLY_ACTIVE_ARCH = YES;
				SDKROOT = iphoneos;
				SWIFT_OPTIMIZATION_LEVEL = "-Onone";
				TARGETED_DEVICE_FAMILY = "1,2";
			};
			name = Debug;
		};
		32C49EDA1CA49C6B00FDD0FF /* Release */ = {
			isa = XCBuildConfiguration;
			buildSettings = {
				ALWAYS_SEARCH_USER_PATHS = NO;
				CLANG_ANALYZER_NONNULL = YES;
				CLANG_CXX_LANGUAGE_STANDARD = "gnu++0x";
				CLANG_CXX_LIBRARY = "libc++";
				CLANG_ENABLE_MODULES = YES;
				CLANG_ENABLE_OBJC_ARC = YES;
				CLANG_WARN_BOOL_CONVERSION = YES;
				CLANG_WARN_CONSTANT_CONVERSION = YES;
				CLANG_WARN_DIRECT_OBJC_ISA_USAGE = YES_ERROR;
				CLANG_WARN_EMPTY_BODY = YES;
				CLANG_WARN_ENUM_CONVERSION = YES;
				CLANG_WARN_INT_CONVERSION = YES;
				CLANG_WARN_OBJC_ROOT_CLASS = YES_ERROR;
				CLANG_WARN_UNREACHABLE_CODE = YES;
				CLANG_WARN__DUPLICATE_METHOD_MATCH = YES;
				"CODE_SIGN_IDENTITY[sdk=iphoneos*]" = "iPhone Developer";
				COPY_PHASE_STRIP = NO;
				DEBUG_INFORMATION_FORMAT = "dwarf-with-dsym";
				ENABLE_NS_ASSERTIONS = NO;
				ENABLE_STRICT_OBJC_MSGSEND = YES;
				GCC_C_LANGUAGE_STANDARD = gnu99;
				GCC_NO_COMMON_BLOCKS = YES;
				GCC_WARN_64_TO_32_BIT_CONVERSION = YES;
				GCC_WARN_ABOUT_RETURN_TYPE = YES_ERROR;
				GCC_WARN_UNDECLARED_SELECTOR = YES;
				GCC_WARN_UNINITIALIZED_AUTOS = YES_AGGRESSIVE;
				GCC_WARN_UNUSED_FUNCTION = YES;
				GCC_WARN_UNUSED_VARIABLE = YES;
				IPHONEOS_DEPLOYMENT_TARGET = 9.3;
				MTL_ENABLE_DEBUG_INFO = NO;
				SDKROOT = iphoneos;
				TARGETED_DEVICE_FAMILY = "1,2";
				VALIDATE_PRODUCT = YES;
			};
			name = Release;
		};
		32C49EDC1CA49C6B00FDD0FF /* Debug */ = {
			isa = XCBuildConfiguration;
			baseConfigurationReference = 3183F281E9D7A5B59252A3C9 /* Pods-Arrive.debug.xcconfig */;
			buildSettings = {
				ASSETCATALOG_COMPILER_APPICON_NAME = AppIcon;
				INFOPLIST_FILE = Arrive/Info.plist;
				LD_RUNPATH_SEARCH_PATHS = "$(inherited) @executable_path/Frameworks";
				PRODUCT_BUNDLE_IDENTIFIER = com.skurt.Arrive;
				PRODUCT_NAME = "$(TARGET_NAME)";
				TARGETED_DEVICE_FAMILY = 1;
			};
			name = Debug;
		};
		32C49EDD1CA49C6B00FDD0FF /* Release */ = {
			isa = XCBuildConfiguration;
			baseConfigurationReference = CCB4E40A88CFF032A89587F1 /* Pods-Arrive.release.xcconfig */;
			buildSettings = {
				ASSETCATALOG_COMPILER_APPICON_NAME = AppIcon;
				INFOPLIST_FILE = Arrive/Info.plist;
				LD_RUNPATH_SEARCH_PATHS = "$(inherited) @executable_path/Frameworks";
				PRODUCT_BUNDLE_IDENTIFIER = com.skurt.Arrive;
				PRODUCT_NAME = "$(TARGET_NAME)";
				TARGETED_DEVICE_FAMILY = 1;
			};
			name = Release;
		};
/* End XCBuildConfiguration section */

/* Begin XCConfigurationList section */
		32C49EC41CA49C6B00FDD0FF /* Build configuration list for PBXProject "Arrive" */ = {
			isa = XCConfigurationList;
			buildConfigurations = (
				32C49ED91CA49C6B00FDD0FF /* Debug */,
				32C49EDA1CA49C6B00FDD0FF /* Release */,
			);
			defaultConfigurationIsVisible = 0;
			defaultConfigurationName = Release;
		};
		32C49EDB1CA49C6B00FDD0FF /* Build configuration list for PBXNativeTarget "Arrive" */ = {
			isa = XCConfigurationList;
			buildConfigurations = (
				32C49EDC1CA49C6B00FDD0FF /* Debug */,
				32C49EDD1CA49C6B00FDD0FF /* Release */,
			);
			defaultConfigurationIsVisible = 0;
			defaultConfigurationName = Release;
		};
/* End XCConfigurationList section */

/* Begin XCVersionGroup section */
		325765A91CA4BFA2003DE35C /* Arrive.xcdatamodeld */ = {
			isa = XCVersionGroup;
			children = (
				325765AA1CA4BFA2003DE35C /* Arrive.xcdatamodel */,
			);
			currentVersion = 325765AA1CA4BFA2003DE35C /* Arrive.xcdatamodel */;
			path = Arrive.xcdatamodeld;
			sourceTree = "<group>";
			versionGroupType = wrapper.xcdatamodel;
		};
/* End XCVersionGroup section */
	};
	rootObject = 32C49EC11CA49C6B00FDD0FF /* Project object */;
}
